[[package]]
name = "prettyconf"
version = "2.2.1"
description = "Separation of settings from code."
category = "main"
optional = false
python-versions = "*"

[package.extras]
aws = ["boto3"]

[metadata]
lock-version = "1.1"
python-versions = "^3.9"
content-hash = "b5842989d94b3fd08e052d550cab871f4604ac3fc1b7c2dad7914d87085d5e5e"

[metadata.files]
prettyconf = [
    {file = "prettyconf-2.2.1.tar.gz", hash = "sha256:2478d16bc2596c9863e93dd182ca70b71f636f0e169ab23288906c53147cfdbc"},
]
